
Microsoft Visual Studio Solution File, Format Version 12.00
# Visual Studio Version 17
VisualStudioVersion = 17.0.32112.339
MinimumVisualStudioVersion = 10.0.40219.1
Project("{FAE04EC0-301F-11D3-BF4B-00C04F79EFBC}") = "ConsoleApp1", "ConsoleApp1\ConsoleApp1.csproj", "{3A2D5CC6-9D87-48AB-BD00-B807CEBAAFBD}"
EndProject
Project("{FAE04EC0-301F-11D3-BF4B-00C04F79EFBC}") = "ConsoleApp2", "ConsoleApp2\ConsoleApp2.csproj", "{B0A8C71E-6663-4E5A-B1F8-66461EDB6F83}"
EndProject
Project("{9A19103F-16F7-4668-BE54-9A1E7A4F7556}") = "WebApplication1", "WebApplication1\WebApplication1.csproj", "{3966FD44-01BF-4D2C-AD79-F46A190817F9}"
EndProject
Project("{FAE04EC0-301F-11D3-BF4B-00C04F79EFBC}") = "StudentManagement", "StudentManagement\StudentManagement.csproj", "{139406A4-DD6B-4DFA-9818-AB296ADD229B}"
EndProject
Project("{FAE04EC0-301F-11D3-BF4B-00C04F79EFBC}") = "InheritanceExample", "InheritanceExample\InheritanceExample.csproj", "{15A815E0-9E69-429A-A265-394FD6B82D68}"
EndProject
Global
	GlobalSection(SolutionConfigurationPlatforms) = preSolution
		Debug|Any CPU = Debug|Any CPU
		Release|Any CPU = Release|Any CPU
	EndGlobalSection
	GlobalSection(ProjectConfigurationPlatforms) = postSolution
		{3A2D5CC6-9D87-48AB-BD00-B807CEBAAFBD}.Debug|Any CPU.ActiveCfg = Debug|Any CPU
		{3A2D5CC6-9D87-48AB-BD00-B807CEBAAFBD}.Debug|Any CPU.Build.0 = Debug|Any CPU
		{3A2D5CC6-9D87-48AB-BD00-B807CEBAAFBD}.Release|Any CPU.ActiveCfg = Release|Any CPU
		{3A2D5CC6-9D87-48AB-BD00-B807CEBAAFBD}.Release|Any CPU.Build.0 = Release|Any CPU
		{B0A8C71E-6663-4E5A-B1F8-66461EDB6F83}.Debug|Any CPU.ActiveCfg = Debug|Any CPU
		{B0A8C71E-6663-4E5A-B1F8-66461EDB6F83}.Debug|Any CPU.Build.0 = Debug|Any CPU
		{B0A8C71E-6663-4E5A-B1F8-66461EDB6F83}.Release|Any CPU.ActiveCfg = Release|Any CPU
		{B0A8C71E-6663-4E5A-B1F8-66461EDB6F83}.Release|Any CPU.Build.0 = Release|Any CPU
		{3966FD44-01BF-4D2C-AD79-F46A190817F9}.Debug|Any CPU.ActiveCfg = Debug|Any CPU
		{3966FD44-01BF-4D2C-AD79-F46A190817F9}.Debug|Any CPU.Build.0 = Debug|Any CPU
		{3966FD44-01BF-4D2C-AD79-F46A190817F9}.Release|Any CPU.ActiveCfg = Release|Any CPU
		{3966FD44-01BF-4D2C-AD79-F46A190817F9}.Release|Any CPU.Build.0 = Release|Any CPU
		{139406A4-DD6B-4DFA-9818-AB296ADD229B}.Debug|Any CPU.ActiveCfg = Debug|Any CPU
		{139406A4-DD6B-4DFA-9818-AB296ADD229B}.Debug|Any CPU.Build.0 = Debug|Any CPU
		{139406A4-DD6B-4DFA-9818-AB296ADD229B}.Release|Any CPU.ActiveCfg = Release|Any CPU
		{139406A4-DD6B-4DFA-9818-AB296ADD229B}.Release|Any CPU.Build.0 = Release|Any CPU
		{15A815E0-9E69-429A-A265-394FD6B82D68}.Debug|Any CPU.ActiveCfg = Debug|Any CPU
		{15A815E0-9E69-429A-A265-394FD6B82D68}.Debug|Any CPU.Build.0 = Debug|Any CPU
		{15A815E0-9E69-429A-A265-394FD6B82D68}.Release|Any CPU.ActiveCfg = Release|Any CPU
		{15A815E0-9E69-429A-A265-394FD6B82D68}.Release|Any CPU.Build.0 = Release|Any CPU
	EndGlobalSection
	GlobalSection(SolutionProperties) = preSolution
		HideSolutionNode = FALSE
	EndGlobalSection
	GlobalSection(ExtensibilityGlobals) = postSolution
		SolutionGuid = {8303566A-EB03-4AB1-8F42-C9DCD2FC83C4}
	EndGlobalSection
EndGlobal
